
Microsoft Visual Studio Solution File, Format Version 12.00
# Visual Studio Version 17
VisualStudioVersion = 17.14.36429.23 d17.14
MinimumVisualStudioVersion = 10.0.40219.1
Project("{FAE04EC0-301F-11D3-BF4B-00C04F79EFBC}") = "ExamAssignment1", "ExamAssignment1\ExamAssignment1.csproj", "{4EF24551-563C-42B1-9BE4-8EDEF41AF18A}"
EndProject
Project("{FAE04EC0-301F-11D3-BF4B-00C04F79EFBC}") = "ExamViewTest1", "ExamViewTest1\ExamViewTest1.csproj", "{9E474E95-F093-4669-9E4B-37216491A196}"
EndProject
Global
	GlobalSection(SolutionConfigurationPlatforms) = preSolution
		Debug|Any CPU = Debug|Any CPU
		Release|Any CPU = Release|Any CPU
	EndGlobalSection
	GlobalSection(ProjectConfigurationPlatforms) = postSolution
		{4EF24551-563C-42B1-9BE4-8EDEF41AF18A}.Debug|Any CPU.ActiveCfg = Debug|Any CPU
		{4EF24551-563C-42B1-9BE4-8EDEF41AF18A}.Debug|Any CPU.Build.0 = Debug|Any CPU
		{4EF24551-563C-42B1-9BE4-8EDEF41AF18A}.Release|Any CPU.ActiveCfg = Release|Any CPU
		{4EF24551-563C-42B1-9BE4-8EDEF41AF18A}.Release|Any CPU.Build.0 = Release|Any CPU
		{9E474E95-F093-4669-9E4B-37216491A196}.Debug|Any CPU.ActiveCfg = Debug|Any CPU
		{9E474E95-F093-4669-9E4B-37216491A196}.Debug|Any CPU.Build.0 = Debug|Any CPU
		{9E474E95-F093-4669-9E4B-37216491A196}.Release|Any CPU.ActiveCfg = Release|Any CPU
		{9E474E95-F093-4669-9E4B-37216491A196}.Release|Any CPU.Build.0 = Release|Any CPU
	EndGlobalSection
	GlobalSection(SolutionProperties) = preSolution
		HideSolutionNode = FALSE
	EndGlobalSection
	GlobalSection(ExtensibilityGlobals) = postSolution
		SolutionGuid = {1A0E2194-83E1-445F-B4FA-EAEB2124B55A}
	EndGlobalSection
EndGlobal
